
Microsoft Visual Studio Solution File, Format Version 12.00
# Visual Studio Version 17
VisualStudioVersion = 17.5.33414.496
MinimumVisualStudioVersion = 10.0.40219.1
Project("{9A19103F-16F7-4668-BE54-9A1E7A4F7556}") = "AEstudosMVC", "EstudosMVC\AEstudosMVC.csproj", "{28E06D11-B5F3-4079-9EBE-0F0FC988E7F4}"
EndProject
Project("{9A19103F-16F7-4668-BE54-9A1E7A4F7556}") = "Data", "Data\Data.csproj", "{0DF5478E-298A-4CEC-96F1-3677D3E21748}"
EndProject
Project("{9A19103F-16F7-4668-BE54-9A1E7A4F7556}") = "Service", "Service\Service.csproj", "{5C3F0016-3FFB-4225-A559-0BB02BE85F33}"
EndProject
Project("{9A19103F-16F7-4668-BE54-9A1E7A4F7556}") = "Domain", "Domain\Domain.csproj", "{C1385ADD-B8D1-4CA7-BA69-FF9B5432D264}"
EndProject
Global
	GlobalSection(SolutionConfigurationPlatforms) = preSolution
		Debug|Any CPU = Debug|Any CPU
		Release|Any CPU = Release|Any CPU
	EndGlobalSection
	GlobalSection(ProjectConfigurationPlatforms) = postSolution
		{28E06D11-B5F3-4079-9EBE-0F0FC988E7F4}.Debug|Any CPU.ActiveCfg = Debug|Any CPU
		{28E06D11-B5F3-4079-9EBE-0F0FC988E7F4}.Debug|Any CPU.Build.0 = Debug|Any CPU
		{28E06D11-B5F3-4079-9EBE-0F0FC988E7F4}.Release|Any CPU.ActiveCfg = Release|Any CPU
		{28E06D11-B5F3-4079-9EBE-0F0FC988E7F4}.Release|Any CPU.Build.0 = Release|Any CPU
		{0DF5478E-298A-4CEC-96F1-3677D3E21748}.Debug|Any CPU.ActiveCfg = Debug|Any CPU
		{0DF5478E-298A-4CEC-96F1-3677D3E21748}.Debug|Any CPU.Build.0 = Debug|Any CPU
		{0DF5478E-298A-4CEC-96F1-3677D3E21748}.Release|Any CPU.ActiveCfg = Release|Any CPU
		{0DF5478E-298A-4CEC-96F1-3677D3E21748}.Release|Any CPU.Build.0 = Release|Any CPU
		{5C3F0016-3FFB-4225-A559-0BB02BE85F33}.Debug|Any CPU.ActiveCfg = Debug|Any CPU
		{5C3F0016-3FFB-4225-A559-0BB02BE85F33}.Debug|Any CPU.Build.0 = Debug|Any CPU
		{5C3F0016-3FFB-4225-A559-0BB02BE85F33}.Release|Any CPU.ActiveCfg = Release|Any CPU
		{5C3F0016-3FFB-4225-A559-0BB02BE85F33}.Release|Any CPU.Build.0 = Release|Any CPU
		{C1385ADD-B8D1-4CA7-BA69-FF9B5432D264}.Debug|Any CPU.ActiveCfg = Debug|Any CPU
		{C1385ADD-B8D1-4CA7-BA69-FF9B5432D264}.Debug|Any CPU.Build.0 = Debug|Any CPU
		{C1385ADD-B8D1-4CA7-BA69-FF9B5432D264}.Release|Any CPU.ActiveCfg = Release|Any CPU
		{C1385ADD-B8D1-4CA7-BA69-FF9B5432D264}.Release|Any CPU.Build.0 = Release|Any CPU
	EndGlobalSection
	GlobalSection(SolutionProperties) = preSolution
		HideSolutionNode = FALSE
	EndGlobalSection
	GlobalSection(ExtensibilityGlobals) = postSolution
		SolutionGuid = {05C7AF94-5B78-4A2D-902B-AB85283CF2B7}
	EndGlobalSection
EndGlobal
